<?xml version="1.0" encoding="UTF-8"?>
<Project ToolsVersion="15.0" xmlns="http://schemas.microsoft.com/developer/msbuild/2003">
  <ItemGroup>
    <CustomBuild Include="D:\Miners\sgminer-Mad\submodules\curl-7.60.0\builds\CMakeFiles\d4a62deb4c9f02a7b8794a34dd9381bf\INSTALL_force.rule">
      <Filter>CMake Rules</Filter>
    </CustomBuild>
  </ItemGroup>
  <ItemGroup>
    <Filter Include="CMake Rules">
      <UniqueIdentifier>{C19FD1DA-8587-3F44-83C4-C48C120E1B46}</UniqueIdentifier>
    </Filter>
  </ItemGroup>
</Project>
